
Microsoft Visual Studio Solution File, Format Version 12.00
# Visual Studio Version 16
VisualStudioVersion = 16.0.31424.327
MinimumVisualStudioVersion = 10.0.40219.1
Project("{FAE04EC0-301F-11D3-BF4B-00C04F79EFBC}") = "ApiCatalogoGames", "ApiCatalogoGames\ApiCatalogoGames.csproj", "{B9C842F7-488B-4035-9229-F88687BF91DA}"
EndProject
Global
	GlobalSection(SolutionConfigurationPlatforms) = preSolution
		Debug|Any CPU = Debug|Any CPU
		Release|Any CPU = Release|Any CPU
	EndGlobalSection
	GlobalSection(ProjectConfigurationPlatforms) = postSolution
		{B9C842F7-488B-4035-9229-F88687BF91DA}.Debug|Any CPU.ActiveCfg = Debug|Any CPU
		{B9C842F7-488B-4035-9229-F88687BF91DA}.Debug|Any CPU.Build.0 = Debug|Any CPU
		{B9C842F7-488B-4035-9229-F88687BF91DA}.Release|Any CPU.ActiveCfg = Release|Any CPU
		{B9C842F7-488B-4035-9229-F88687BF91DA}.Release|Any CPU.Build.0 = Release|Any CPU
	EndGlobalSection
	GlobalSection(SolutionProperties) = preSolution
		HideSolutionNode = FALSE
	EndGlobalSection
	GlobalSection(ExtensibilityGlobals) = postSolution
		SolutionGuid = {5269235B-FFFC-48A1-9F9F-6D703D4119A5}
	EndGlobalSection
EndGlobal
